
Microsoft Visual Studio Solution File, Format Version 12.00
# Visual Studio Version 17
VisualStudioVersion = 17.8.34330.188
MinimumVisualStudioVersion = 10.0.40219.1
Project("{9A19103F-16F7-4668-BE54-9A1E7A4F7556}") = "22_NguyenThaiThinh_Assignment2", "22_NguyenThaiThinh_Assignment2\22_NguyenThaiThinh_Assignment2.csproj", "{C5D821EE-D691-4E15-82A4-ABD29601173A}"
EndProject
Global
	GlobalSection(SolutionConfigurationPlatforms) = preSolution
		Debug|Any CPU = Debug|Any CPU
		Release|Any CPU = Release|Any CPU
	EndGlobalSection
	GlobalSection(ProjectConfigurationPlatforms) = postSolution
		{C5D821EE-D691-4E15-82A4-ABD29601173A}.Debug|Any CPU.ActiveCfg = Debug|Any CPU
		{C5D821EE-D691-4E15-82A4-ABD29601173A}.Debug|Any CPU.Build.0 = Debug|Any CPU
		{C5D821EE-D691-4E15-82A4-ABD29601173A}.Release|Any CPU.ActiveCfg = Release|Any CPU
		{C5D821EE-D691-4E15-82A4-ABD29601173A}.Release|Any CPU.Build.0 = Release|Any CPU
	EndGlobalSection
	GlobalSection(SolutionProperties) = preSolution
		HideSolutionNode = FALSE
	EndGlobalSection
	GlobalSection(ExtensibilityGlobals) = postSolution
		SolutionGuid = {AC316558-CE93-4E0E-A7E1-5E7F20B2D470}
	EndGlobalSection
EndGlobal
